
Microsoft Visual Studio Solution File, Format Version 11.00
# Visual Studio 2010
Project("{FAE04EC0-301F-11D3-BF4B-00C04F79EFBC}") = "Parse Tree C-Sharp", "Parse Tree C-Sharp.csproj", "{EDAF7AC1-5908-4AF0-B228-26D1E1539233}"
EndProject
Global
	GlobalSection(SolutionConfigurationPlatforms) = preSolution
		Debug|Any CPU = Debug|Any CPU
		Release|Any CPU = Release|Any CPU
	EndGlobalSection
	GlobalSection(ProjectConfigurationPlatforms) = postSolution
		{EDAF7AC1-5908-4AF0-B228-26D1E1539233}.Debug|Any CPU.ActiveCfg = Debug|Any CPU
		{EDAF7AC1-5908-4AF0-B228-26D1E1539233}.Debug|Any CPU.Build.0 = Debug|Any CPU
		{EDAF7AC1-5908-4AF0-B228-26D1E1539233}.Release|Any CPU.ActiveCfg = Release|Any CPU
		{EDAF7AC1-5908-4AF0-B228-26D1E1539233}.Release|Any CPU.Build.0 = Release|Any CPU
	EndGlobalSection
	GlobalSection(SolutionProperties) = preSolution
		HideSolutionNode = FALSE
	EndGlobalSection
EndGlobal
